
Microsoft Visual Studio Solution File, Format Version 12.00
# Visual Studio Version 17
VisualStudioVersion = 17.4.33213.308
MinimumVisualStudioVersion = 10.0.40219.1
Project("{FAE04EC0-301F-11D3-BF4B-00C04F79EFBC}") = "Clase1abril", "Clase1abril\Clase1abril.csproj", "{BED0E6DE-C8D5-4478-9B15-ECC510A10EDF}"
EndProject
Global
	GlobalSection(SolutionConfigurationPlatforms) = preSolution
		Debug|Any CPU = Debug|Any CPU
		Release|Any CPU = Release|Any CPU
	EndGlobalSection
	GlobalSection(ProjectConfigurationPlatforms) = postSolution
		{BED0E6DE-C8D5-4478-9B15-ECC510A10EDF}.Debug|Any CPU.ActiveCfg = Debug|Any CPU
		{BED0E6DE-C8D5-4478-9B15-ECC510A10EDF}.Debug|Any CPU.Build.0 = Debug|Any CPU
		{BED0E6DE-C8D5-4478-9B15-ECC510A10EDF}.Release|Any CPU.ActiveCfg = Release|Any CPU
		{BED0E6DE-C8D5-4478-9B15-ECC510A10EDF}.Release|Any CPU.Build.0 = Release|Any CPU
	EndGlobalSection
	GlobalSection(SolutionProperties) = preSolution
		HideSolutionNode = FALSE
	EndGlobalSection
	GlobalSection(ExtensibilityGlobals) = postSolution
		SolutionGuid = {D328EF6F-EAA8-4AE6-9995-540655B4FE1F}
	EndGlobalSection
EndGlobal
